
Microsoft Visual Studio Solution File, Format Version 12.00
# Visual Studio Version 16
VisualStudioVersion = 16.0.30711.63
MinimumVisualStudioVersion = 10.0.40219.1
Project("{2150E333-8FDC-42A3-9474-1A3956D46DE8}") = "Platforms", "Platforms", "{C9F1AD76-C35E-4ABA-B186-28E0FF4CF0A9}"
EndProject
Project("{FAE04EC0-301F-11D3-BF4B-00C04F79EFBC}") = "LatinClub.Uno.Droid", "LatinClub.Uno\LatinClub.Uno.Droid\LatinClub.Uno.Droid.csproj", "{928F6CC9-CD69-476A-BE23-39EC323AA160}"
EndProject
Project("{FAE04EC0-301F-11D3-BF4B-00C04F79EFBC}") = "LatinClub.Uno.iOS", "LatinClub.Uno\LatinClub.Uno.iOS\LatinClub.Uno.iOS.csproj", "{32E9287F-12E0-43E8-ACF8-88A84C6624BD}"
EndProject
Project("{FAE04EC0-301F-11D3-BF4B-00C04F79EFBC}") = "LatinClub.Uno.UWP", "LatinClub.Uno\LatinClub.Uno.UWP\LatinClub.Uno.UWP.csproj", "{D1EAF18C-3432-499D-8862-A81C46E066EC}"
EndProject
Project("{9A19103F-16F7-4668-BE54-9A1E7A4F7556}") = "LatinClub.Uno.Wasm", "LatinClub.Uno\LatinClub.Uno.Wasm\LatinClub.Uno.Wasm.csproj", "{5EFF8813-3080-4216-8BF3-7BA69057832F}"
EndProject
Project("{FAE04EC0-301F-11D3-BF4B-00C04F79EFBC}") = "LatinClub.Uno.macOS", "LatinClub.Uno\LatinClub.Uno.macOS\LatinClub.Uno.macOS.csproj", "{B912B2AB-EA33-4327-B554-4D242087200E}"
EndProject
Project("{9A19103F-16F7-4668-BE54-9A1E7A4F7556}") = "LatinClub.Uno.Skia.Wpf.Host", "LatinClub.Uno\LatinClub.Uno.Skia.Wpf.Host\LatinClub.Uno.Skia.Wpf.Host.csproj", "{8F4F4A06-4AED-4A61-BF28-1C3A38110AD9}"
EndProject
Project("{9A19103F-16F7-4668-BE54-9A1E7A4F7556}") = "LatinClub.Uno.Skia.Wpf", "LatinClub.Uno\LatinClub.Uno.Skia.Wpf\LatinClub.Uno.Skia.Wpf.csproj", "{D27A6638-2183-4ED6-89C6-0ABED6E16F47}"
EndProject
Project("{9A19103F-16F7-4668-BE54-9A1E7A4F7556}") = "LatinClub.Uno.Skia.Gtk", "LatinClub.Uno\LatinClub.Uno.Skia.Gtk\LatinClub.Uno.Skia.Gtk.csproj", "{F6FAF46A-2322-4C68-99C2-C4C8D8A9BF41}"
EndProject
Project("{9A19103F-16F7-4668-BE54-9A1E7A4F7556}") = "LatinClub.Uno.Skia.Tizen", "LatinClub.Uno\LatinClub.Uno.Skia.Tizen\LatinClub.Uno.Skia.Tizen.csproj", "{EEC65671-7B48-40F8-8BCF-3567BBEAB6D8}"
EndProject
Project("{9A19103F-16F7-4668-BE54-9A1E7A4F7556}") = "LatinClub.Api", "LatinClub.Api\LatinClub.Api.csproj", "{F94BD5BD-40EA-480F-9C20-97B865645757}"
EndProject
Project("{9A19103F-16F7-4668-BE54-9A1E7A4F7556}") = "LatinClub.Core", "LatinClub.Core\LatinClub.Core.csproj", "{AE624AD6-8253-4179-AEA3-FF6B3D063968}"
EndProject
Global
	GlobalSection(SolutionConfigurationPlatforms) = preSolution
		Ad-Hoc|Any CPU = Ad-Hoc|Any CPU
		Ad-Hoc|ARM = Ad-Hoc|ARM
		Ad-Hoc|ARM64 = Ad-Hoc|ARM64
		Ad-Hoc|iPhone = Ad-Hoc|iPhone
		Ad-Hoc|iPhoneSimulator = Ad-Hoc|iPhoneSimulator
		Ad-Hoc|x64 = Ad-Hoc|x64
		Ad-Hoc|x86 = Ad-Hoc|x86
		AppStore|Any CPU = AppStore|Any CPU
		AppStore|ARM = AppStore|ARM
		AppStore|ARM64 = AppStore|ARM64
		AppStore|iPhone = AppStore|iPhone
		AppStore|iPhoneSimulator = AppStore|iPhoneSimulator
		AppStore|x64 = AppStore|x64
		AppStore|x86 = AppStore|x86
		Debug|Any CPU = Debug|Any CPU
		Debug|ARM = Debug|ARM
		Debug|ARM64 = Debug|ARM64
		Debug|iPhone = Debug|iPhone
		Debug|iPhoneSimulator = Debug|iPhoneSimulator
		Debug|x64 = Debug|x64
		Debug|x86 = Debug|x86
		Release|Any CPU = Release|Any CPU
		Release|ARM = Release|ARM
		Release|ARM64 = Release|ARM64
		Release|iPhone = Release|iPhone
		Release|iPhoneSimulator = Release|iPhoneSimulator
		Release|x64 = Release|x64
		Release|x86 = Release|x86
	EndGlobalSection
	GlobalSection(ProjectConfigurationPlatforms) = postSolution
		{928F6CC9-CD69-476A-BE23-39EC323AA160}.Ad-Hoc|Any CPU.ActiveCfg = Debug|Any CPU
		{928F6CC9-CD69-476A-BE23-39EC323AA160}.Ad-Hoc|Any CPU.Build.0 = Debug|Any CPU
		{928F6CC9-CD69-476A-BE23-39EC323AA160}.Ad-Hoc|Any CPU.Deploy.0 = Debug|Any CPU
		{928F6CC9-CD69-476A-BE23-39EC323AA160}.Ad-Hoc|ARM.ActiveCfg = Debug|Any CPU
		{928F6CC9-CD69-476A-BE23-39EC323AA160}.Ad-Hoc|ARM.Build.0 = Debug|Any CPU
		{928F6CC9-CD69-476A-BE23-39EC323AA160}.Ad-Hoc|ARM.Deploy.0 = Debug|Any CPU
		{928F6CC9-CD69-476A-BE23-39EC323AA160}.Ad-Hoc|ARM64.ActiveCfg = Debug|Any CPU
		{928F6CC9-CD69-476A-BE23-39EC323AA160}.Ad-Hoc|ARM64.Build.0 = Debug|Any CPU
		{928F6CC9-CD69-476A-BE23-39EC323AA160}.Ad-Hoc|ARM64.Deploy.0 = Debug|Any CPU
		{928F6CC9-CD69-476A-BE23-39EC323AA160}.Ad-Hoc|iPhone.ActiveCfg = Debug|Any CPU
		{928F6CC9-CD69-476A-BE23-39EC323AA160}.Ad-Hoc|iPhone.Build.0 = Debug|Any CPU
		{928F6CC9-CD69-476A-BE23-39EC323AA160}.Ad-Hoc|iPhone.Deploy.0 = Debug|Any CPU
		{928F6CC9-CD69-476A-BE23-39EC323AA160}.Ad-Hoc|iPhoneSimulator.ActiveCfg = Debug|Any CPU
		{928F6CC9-CD69-476A-BE23-39EC323AA160}.Ad-Hoc|iPhoneSimulator.Build.0 = Debug|Any CPU
		{928F6CC9-CD69-476A-BE23-39EC323AA160}.Ad-Hoc|iPhoneSimulator.Deploy.0 = Debug|Any CPU
		{928F6CC9-CD69-476A-BE23-39EC323AA160}.Ad-Hoc|x64.ActiveCfg = Debug|Any CPU
		{928F6CC9-CD69-476A-BE23-39EC323AA160}.Ad-Hoc|x64.Build.0 = Debug|Any CPU
		{928F6CC9-CD69-476A-BE23-39EC323AA160}.Ad-Hoc|x64.Deploy.0 = Debug|Any CPU
		{928F6CC9-CD69-476A-BE23-39EC323AA160}.Ad-Hoc|x86.ActiveCfg = Debug|Any CPU
		{928F6CC9-CD69-476A-BE23-39EC323AA160}.Ad-Hoc|x86.Build.0 = Debug|Any CPU
		{928F6CC9-CD69-476A-BE23-39EC323AA160}.Ad-Hoc|x86.Deploy.0 = Debug|Any CPU
		{928F6CC9-CD69-476A-BE23-39EC323AA160}.AppStore|Any CPU.ActiveCfg = Debug|Any CPU
		{928F6CC9-CD69-476A-BE23-39EC323AA160}.AppStore|Any CPU.Build.0 = Debug|Any CPU
		{928F6CC9-CD69-476A-BE23-39EC323AA160}.AppStore|Any CPU.Deploy.0 = Debug|Any CPU
		{928F6CC9-CD69-476A-BE23-39EC323AA160}.AppStore|ARM.ActiveCfg = Debug|Any CPU
		{928F6CC9-CD69-476A-BE23-39EC323AA160}.AppStore|ARM.Build.0 = Debug|Any CPU
		{928F6CC9-CD69-476A-BE23-39EC323AA160}.AppStore|ARM.Deploy.0 = Debug|Any CPU
		{928F6CC9-CD69-476A-BE23-39EC323AA160}.AppStore|ARM64.ActiveCfg = Debug|Any CPU
		{928F6CC9-CD69-476A-BE23-39EC323AA160}.AppStore|ARM64.Build.0 = Debug|Any CPU
		{928F6CC9-CD69-476A-BE23-39EC323AA160}.AppStore|ARM64.Deploy.0 = Debug|Any CPU
		{928F6CC9-CD69-476A-BE23-39EC323AA160}.AppStore|iPhone.ActiveCfg = Debug|Any CPU
		{928F6CC9-CD69-476A-BE23-39EC323AA160}.AppStore|iPhone.Build.0 = Debug|Any CPU
		{928F6CC9-CD69-476A-BE23-39EC323AA160}.AppStore|iPhone.Deploy.0 = Debug|Any CPU
		{928F6CC9-CD69-476A-BE23-39EC323AA160}.AppStore|iPhoneSimulator.ActiveCfg = Debug|Any CPU
		{928F6CC9-CD69-476A-BE23-39EC323AA160}.AppStore|iPhoneSimulator.Build.0 = Debug|Any CPU
		{928F6CC9-CD69-476A-BE23-39EC323AA160}.AppStore|iPhoneSimulator.Deploy.0 = Debug|Any CPU
		{928F6CC9-CD69-476A-BE23-39EC323AA160}.AppStore|x64.ActiveCfg = Debug|Any CPU
		{928F6CC9-CD69-476A-BE23-39EC323AA160}.AppStore|x64.Build.0 = Debug|Any CPU
		{928F6CC9-CD69-476A-BE23-39EC323AA160}.AppStore|x64.Deploy.0 = Debug|Any CPU
		{928F6CC9-CD69-476A-BE23-39EC323AA160}.AppStore|x86.ActiveCfg = Debug|Any CPU
		{928F6CC9-CD69-476A-BE23-39EC323AA160}.AppStore|x86.Build.0 = Debug|Any CPU
		{928F6CC9-CD69-476A-BE23-39EC323AA160}.AppStore|x86.Deploy.0 = Debug|Any CPU
		{928F6CC9-CD69-476A-BE23-39EC323AA160}.Debug|Any CPU.ActiveCfg = Debug|Any CPU
		{928F6CC9-CD69-476A-BE23-39EC323AA160}.Debug|Any CPU.Build.0 = Debug|Any CPU
		{928F6CC9-CD69-476A-BE23-39EC323AA160}.Debug|Any CPU.Deploy.0 = Debug|Any CPU
		{928F6CC9-CD69-476A-BE23-39EC323AA160}.Debug|ARM.ActiveCfg = Debug|Any CPU
		{928F6CC9-CD69-476A-BE23-39EC323AA160}.Debug|ARM.Build.0 = Debug|Any CPU
		{928F6CC9-CD69-476A-BE23-39EC323AA160}.Debug|ARM.Deploy.0 = Debug|Any CPU
		{928F6CC9-CD69-476A-BE23-39EC323AA160}.Debug|ARM64.ActiveCfg = Debug|Any CPU
		{928F6CC9-CD69-476A-BE23-39EC323AA160}.Debug|ARM64.Build.0 = Debug|Any CPU
		{928F6CC9-CD69-476A-BE23-39EC323AA160}.Debug|ARM64.Deploy.0 = Debug|Any CPU
		{928F6CC9-CD69-476A-BE23-39EC323AA160}.Debug|iPhone.ActiveCfg = Debug|Any CPU
		{928F6CC9-CD69-476A-BE23-39EC323AA160}.Debug|iPhone.Build.0 = Debug|Any CPU
		{928F6CC9-CD69-476A-BE23-39EC323AA160}.Debug|iPhone.Deploy.0 = Debug|Any CPU
		{928F6CC9-CD69-476A-BE23-39EC323AA160}.Debug|iPhoneSimulator.ActiveCfg = Debug|Any CPU
		{928F6CC9-CD69-476A-BE23-39EC323AA160}.Debug|iPhoneSimulator.Build.0 = Debug|Any CPU
		{928F6CC9-CD69-476A-BE23-39EC323AA160}.Debug|iPhoneSimulator.Deploy.0 = Debug|Any CPU
		{928F6CC9-CD69-476A-BE23-39EC323AA160}.Debug|x64.ActiveCfg = Debug|Any CPU
		{928F6CC9-CD69-476A-BE23-39EC323AA160}.Debug|x64.Build.0 = Debug|Any CPU
		{928F6CC9-CD69-476A-BE23-39EC323AA160}.Debug|x64.Deploy.0 = Debug|Any CPU
		{928F6CC9-CD69-476A-BE23-39EC323AA160}.Debug|x86.ActiveCfg = Debug|Any CPU
		{928F6CC9-CD69-476A-BE23-39EC323AA160}.Debug|x86.Build.0 = Debug|Any CPU
		{928F6CC9-CD69-476A-BE23-39EC323AA160}.Debug|x86.Deploy.0 = Debug|Any CPU
		{928F6CC9-CD69-476A-BE23-39EC323AA160}.Release|Any CPU.ActiveCfg = Release|Any CPU
		{928F6CC9-CD69-476A-BE23-39EC323AA160}.Release|Any CPU.Build.0 = Release|Any CPU
		{928F6CC9-CD69-476A-BE23-39EC323AA160}.Release|Any CPU.Deploy.0 = Release|Any CPU
		{928F6CC9-CD69-476A-BE23-39EC323AA160}.Release|ARM.ActiveCfg = Release|Any CPU
		{928F6CC9-CD69-476A-BE23-39EC323AA160}.Release|ARM.Build.0 = Release|Any CPU
		{928F6CC9-CD69-476A-BE23-39EC323AA160}.Release|ARM.Deploy.0 = Release|Any CPU
		{928F6CC9-CD69-476A-BE23-39EC323AA160}.Release|ARM64.ActiveCfg = Release|Any CPU
		{928F6CC9-CD69-476A-BE23-39EC323AA160}.Release|ARM64.Build.0 = Release|Any CPU
		{928F6CC9-CD69-476A-BE23-39EC323AA160}.Release|ARM64.Deploy.0 = Release|Any CPU
		{928F6CC9-CD69-476A-BE23-39EC323AA160}.Release|iPhone.ActiveCfg = Release|Any CPU
		{928F6CC9-CD69-476A-BE23-39EC323AA160}.Release|iPhone.Build.0 = Release|Any CPU
		{928F6CC9-CD69-476A-BE23-39EC323AA160}.Release|iPhone.Deploy.0 = Release|Any CPU
		{928F6CC9-CD69-476A-BE23-39EC323AA160}.Release|iPhoneSimulator.ActiveCfg = Release|Any CPU
		{928F6CC9-CD69-476A-BE23-39EC323AA160}.Release|iPhoneSimulator.Build.0 = Release|Any CPU
		{928F6CC9-CD69-476A-BE23-39EC323AA160}.Release|iPhoneSimulator.Deploy.0 = Release|Any CPU
		{928F6CC9-CD69-476A-BE23-39EC323AA160}.Release|x64.ActiveCfg = Release|Any CPU
		{928F6CC9-CD69-476A-BE23-39EC323AA160}.Release|x64.Build.0 = Release|Any CPU
		{928F6CC9-CD69-476A-BE23-39EC323AA160}.Release|x64.Deploy.0 = Release|Any CPU
		{928F6CC9-CD69-476A-BE23-39EC323AA160}.Release|x86.ActiveCfg = Release|Any CPU
		{928F6CC9-CD69-476A-BE23-39EC323AA160}.Release|x86.Build.0 = Release|Any CPU
		{928F6CC9-CD69-476A-BE23-39EC323AA160}.Release|x86.Deploy.0 = Release|Any CPU
		{32E9287F-12E0-43E8-ACF8-88A84C6624BD}.Ad-Hoc|Any CPU.ActiveCfg = Ad-Hoc|iPhoneSimulator
		{32E9287F-12E0-43E8-ACF8-88A84C6624BD}.Ad-Hoc|ARM.ActiveCfg = Ad-Hoc|iPhoneSimulator
		{32E9287F-12E0-43E8-ACF8-88A84C6624BD}.Ad-Hoc|ARM64.ActiveCfg = Ad-Hoc|iPhoneSimulator
		{32E9287F-12E0-43E8-ACF8-88A84C6624BD}.Ad-Hoc|iPhone.ActiveCfg = Ad-Hoc|iPhone
		{32E9287F-12E0-43E8-ACF8-88A84C6624BD}.Ad-Hoc|iPhone.Build.0 = Ad-Hoc|iPhone
		{32E9287F-12E0-43E8-ACF8-88A84C6624BD}.Ad-Hoc|iPhoneSimulator.ActiveCfg = Ad-Hoc|iPhoneSimulator
		{32E9287F-12E0-43E8-ACF8-88A84C6624BD}.Ad-Hoc|iPhoneSimulator.Build.0 = Ad-Hoc|iPhoneSimulator
		{32E9287F-12E0-43E8-ACF8-88A84C6624BD}.Ad-Hoc|x64.ActiveCfg = Ad-Hoc|iPhoneSimulator
		{32E9287F-12E0-43E8-ACF8-88A84C6624BD}.Ad-Hoc|x86.ActiveCfg = Ad-Hoc|iPhoneSimulator
		{32E9287F-12E0-43E8-ACF8-88A84C6624BD}.AppStore|Any CPU.ActiveCfg = AppStore|iPhoneSimulator
		{32E9287F-12E0-43E8-ACF8-88A84C6624BD}.AppStore|ARM.ActiveCfg = AppStore|iPhoneSimulator
		{32E9287F-12E0-43E8-ACF8-88A84C6624BD}.AppStore|ARM64.ActiveCfg = AppStore|iPhoneSimulator
		{32E9287F-12E0-43E8-ACF8-88A84C6624BD}.AppStore|iPhone.ActiveCfg = AppStore|iPhone
		{32E9287F-12E0-43E8-ACF8-88A84C6624BD}.AppStore|iPhone.Build.0 = AppStore|iPhone
		{32E9287F-12E0-43E8-ACF8-88A84C6624BD}.AppStore|iPhoneSimulator.ActiveCfg = AppStore|iPhoneSimulator
		{32E9287F-12E0-43E8-ACF8-88A84C6624BD}.AppStore|iPhoneSimulator.Build.0 = AppStore|iPhoneSimulator
		{32E9287F-12E0-43E8-ACF8-88A84C6624BD}.AppStore|x64.ActiveCfg = AppStore|iPhoneSimulator
		{32E9287F-12E0-43E8-ACF8-88A84C6624BD}.AppStore|x86.ActiveCfg = AppStore|iPhoneSimulator
		{32E9287F-12E0-43E8-ACF8-88A84C6624BD}.Debug|Any CPU.ActiveCfg = Debug|iPhoneSimulator
		{32E9287F-12E0-43E8-ACF8-88A84C6624BD}.Debug|ARM.ActiveCfg = Debug|iPhoneSimulator
		{32E9287F-12E0-43E8-ACF8-88A84C6624BD}.Debug|ARM64.ActiveCfg = Debug|iPhoneSimulator
		{32E9287F-12E0-43E8-ACF8-88A84C6624BD}.Debug|iPhone.ActiveCfg = Debug|iPhone
		{32E9287F-12E0-43E8-ACF8-88A84C6624BD}.Debug|iPhone.Build.0 = Debug|iPhone
		{32E9287F-12E0-43E8-ACF8-88A84C6624BD}.Debug|iPhoneSimulator.ActiveCfg = Debug|iPhoneSimulator
		{32E9287F-12E0-43E8-ACF8-88A84C6624BD}.Debug|iPhoneSimulator.Build.0 = Debug|iPhoneSimulator
		{32E9287F-12E0-43E8-ACF8-88A84C6624BD}.Debug|x64.ActiveCfg = Debug|iPhoneSimulator
		{32E9287F-12E0-43E8-ACF8-88A84C6624BD}.Debug|x86.ActiveCfg = Debug|iPhoneSimulator
		{32E9287F-12E0-43E8-ACF8-88A84C6624BD}.Release|Any CPU.ActiveCfg = Release|iPhoneSimulator
		{32E9287F-12E0-43E8-ACF8-88A84C6624BD}.Release|ARM.ActiveCfg = Release|iPhoneSimulator
		{32E9287F-12E0-43E8-ACF8-88A84C6624BD}.Release|ARM64.ActiveCfg = Release|iPhoneSimulator
		{32E9287F-12E0-43E8-ACF8-88A84C6624BD}.Release|iPhone.ActiveCfg = Release|iPhone
		{32E9287F-12E0-43E8-ACF8-88A84C6624BD}.Release|iPhone.Build.0 = Release|iPhone
		{32E9287F-12E0-43E8-ACF8-88A84C6624BD}.Release|iPhoneSimulator.ActiveCfg = Release|iPhoneSimulator
		{32E9287F-12E0-43E8-ACF8-88A84C6624BD}.Release|iPhoneSimulator.Build.0 = Release|iPhoneSimulator
		{32E9287F-12E0-43E8-ACF8-88A84C6624BD}.Release|x64.ActiveCfg = Release|iPhoneSimulator
		{32E9287F-12E0-43E8-ACF8-88A84C6624BD}.Release|x86.ActiveCfg = Release|iPhoneSimulator
		{D1EAF18C-3432-499D-8862-A81C46E066EC}.Ad-Hoc|Any CPU.ActiveCfg = Debug|x86
		{D1EAF18C-3432-499D-8862-A81C46E066EC}.Ad-Hoc|Any CPU.Build.0 = Debug|x86
		{D1EAF18C-3432-499D-8862-A81C46E066EC}.Ad-Hoc|Any CPU.Deploy.0 = Debug|x86
		{D1EAF18C-3432-499D-8862-A81C46E066EC}.Ad-Hoc|ARM.ActiveCfg = Debug|ARM
		{D1EAF18C-3432-499D-8862-A81C46E066EC}.Ad-Hoc|ARM.Build.0 = Debug|ARM
		{D1EAF18C-3432-499D-8862-A81C46E066EC}.Ad-Hoc|ARM.Deploy.0 = Debug|ARM
		{D1EAF18C-3432-499D-8862-A81C46E066EC}.Ad-Hoc|ARM64.ActiveCfg = Debug|ARM64
		{D1EAF18C-3432-499D-8862-A81C46E066EC}.Ad-Hoc|ARM64.Build.0 = Debug|ARM64
		{D1EAF18C-3432-499D-8862-A81C46E066EC}.Ad-Hoc|ARM64.Deploy.0 = Debug|ARM64
		{D1EAF18C-3432-499D-8862-A81C46E066EC}.Ad-Hoc|iPhone.ActiveCfg = Debug|x86
		{D1EAF18C-3432-499D-8862-A81C46E066EC}.Ad-Hoc|iPhone.Build.0 = Debug|x86
		{D1EAF18C-3432-499D-8862-A81C46E066EC}.Ad-Hoc|iPhone.Deploy.0 = Debug|x86
		{D1EAF18C-3432-499D-8862-A81C46E066EC}.Ad-Hoc|iPhoneSimulator.ActiveCfg = Debug|x86
		{D1EAF18C-3432-499D-8862-A81C46E066EC}.Ad-Hoc|iPhoneSimulator.Build.0 = Debug|x86
		{D1EAF18C-3432-499D-8862-A81C46E066EC}.Ad-Hoc|iPhoneSimulator.Deploy.0 = Debug|x86
		{D1EAF18C-3432-499D-8862-A81C46E066EC}.Ad-Hoc|x64.ActiveCfg = Debug|x64
		{D1EAF18C-3432-499D-8862-A81C46E066EC}.Ad-Hoc|x64.Build.0 = Debug|x64
		{D1EAF18C-3432-499D-8862-A81C46E066EC}.Ad-Hoc|x64.Deploy.0 = Debug|x64
		{D1EAF18C-3432-499D-8862-A81C46E066EC}.Ad-Hoc|x86.ActiveCfg = Debug|x86
		{D1EAF18C-3432-499D-8862-A81C46E066EC}.Ad-Hoc|x86.Build.0 = Debug|x86
		{D1EAF18C-3432-499D-8862-A81C46E066EC}.Ad-Hoc|x86.Deploy.0 = Debug|x86
		{D1EAF18C-3432-499D-8862-A81C46E066EC}.AppStore|Any CPU.ActiveCfg = Debug|x86
		{D1EAF18C-3432-499D-8862-A81C46E066EC}.AppStore|Any CPU.Build.0 = Debug|x86
		{D1EAF18C-3432-499D-8862-A81C46E066EC}.AppStore|Any CPU.Deploy.0 = Debug|x86
		{D1EAF18C-3432-499D-8862-A81C46E066EC}.AppStore|ARM.ActiveCfg = Debug|ARM
		{D1EAF18C-3432-499D-8862-A81C46E066EC}.AppStore|ARM.Build.0 = Debug|ARM
		{D1EAF18C-3432-499D-8862-A81C46E066EC}.AppStore|ARM.Deploy.0 = Debug|ARM
		{D1EAF18C-3432-499D-8862-A81C46E066EC}.AppStore|ARM64.ActiveCfg = Debug|ARM64
		{D1EAF18C-3432-499D-8862-A81C46E066EC}.AppStore|ARM64.Build.0 = Debug|ARM64
		{D1EAF18C-3432-499D-8862-A81C46E066EC}.AppStore|ARM64.Deploy.0 = Debug|ARM64
		{D1EAF18C-3432-499D-8862-A81C46E066EC}.AppStore|iPhone.ActiveCfg = Debug|x86
		{D1EAF18C-3432-499D-8862-A81C46E066EC}.AppStore|iPhone.Build.0 = Debug|x86
		{D1EAF18C-3432-499D-8862-A81C46E066EC}.AppStore|iPhone.Deploy.0 = Debug|x86
		{D1EAF18C-3432-499D-8862-A81C46E066EC}.AppStore|iPhoneSimulator.ActiveCfg = Debug|x86
		{D1EAF18C-3432-499D-8862-A81C46E066EC}.AppStore|iPhoneSimulator.Build.0 = Debug|x86
		{D1EAF18C-3432-499D-8862-A81C46E066EC}.AppStore|iPhoneSimulator.Deploy.0 = Debug|x86
		{D1EAF18C-3432-499D-8862-A81C46E066EC}.AppStore|x64.ActiveCfg = Debug|x64
		{D1EAF18C-3432-499D-8862-A81C46E066EC}.AppStore|x64.Build.0 = Debug|x64
		{D1EAF18C-3432-499D-8862-A81C46E066EC}.AppStore|x64.Deploy.0 = Debug|x64
		{D1EAF18C-3432-499D-8862-A81C46E066EC}.AppStore|x86.ActiveCfg = Debug|x86
		{D1EAF18C-3432-499D-8862-A81C46E066EC}.AppStore|x86.Build.0 = Debug|x86
		{D1EAF18C-3432-499D-8862-A81C46E066EC}.AppStore|x86.Deploy.0 = Debug|x86
		{D1EAF18C-3432-499D-8862-A81C46E066EC}.Debug|Any CPU.ActiveCfg = Debug|x86
		{D1EAF18C-3432-499D-8862-A81C46E066EC}.Debug|ARM.ActiveCfg = Debug|ARM
		{D1EAF18C-3432-499D-8862-A81C46E066EC}.Debug|ARM.Build.0 = Debug|ARM
		{D1EAF18C-3432-499D-8862-A81C46E066EC}.Debug|ARM.Deploy.0 = Debug|ARM
		{D1EAF18C-3432-499D-8862-A81C46E066EC}.Debug|ARM64.ActiveCfg = Debug|ARM64
		{D1EAF18C-3432-499D-8862-A81C46E066EC}.Debug|ARM64.Build.0 = Debug|ARM64
		{D1EAF18C-3432-499D-8862-A81C46E066EC}.Debug|ARM64.Deploy.0 = Debug|ARM64
		{D1EAF18C-3432-499D-8862-A81C46E066EC}.Debug|iPhone.ActiveCfg = Debug|x86
		{D1EAF18C-3432-499D-8862-A81C46E066EC}.Debug|iPhoneSimulator.ActiveCfg = Debug|x86
		{D1EAF18C-3432-499D-8862-A81C46E066EC}.Debug|x64.ActiveCfg = Debug|x64
		{D1EAF18C-3432-499D-8862-A81C46E066EC}.Debug|x64.Build.0 = Debug|x64
		{D1EAF18C-3432-499D-8862-A81C46E066EC}.Debug|x64.Deploy.0 = Debug|x64
		{D1EAF18C-3432-499D-8862-A81C46E066EC}.Debug|x86.ActiveCfg = Debug|x86
		{D1EAF18C-3432-499D-8862-A81C46E066EC}.Debug|x86.Build.0 = Debug|x86
		{D1EAF18C-3432-499D-8862-A81C46E066EC}.Debug|x86.Deploy.0 = Debug|x86
		{D1EAF18C-3432-499D-8862-A81C46E066EC}.Release|Any CPU.ActiveCfg = Release|x86
		{D1EAF18C-3432-499D-8862-A81C46E066EC}.Release|ARM.ActiveCfg = Release|ARM
		{D1EAF18C-3432-499D-8862-A81C46E066EC}.Release|ARM.Build.0 = Release|ARM
		{D1EAF18C-3432-499D-8862-A81C46E066EC}.Release|ARM.Deploy.0 = Release|ARM
		{D1EAF18C-3432-499D-8862-A81C46E066EC}.Release|ARM64.ActiveCfg = Release|ARM64
		{D1EAF18C-3432-499D-8862-A81C46E066EC}.Release|ARM64.Build.0 = Release|ARM64
		{D1EAF18C-3432-499D-8862-A81C46E066EC}.Release|ARM64.Deploy.0 = Release|ARM64
		{D1EAF18C-3432-499D-8862-A81C46E066EC}.Release|iPhone.ActiveCfg = Release|x86
		{D1EAF18C-3432-499D-8862-A81C46E066EC}.Release|iPhoneSimulator.ActiveCfg = Release|x86
		{D1EAF18C-3432-499D-8862-A81C46E066EC}.Release|x64.ActiveCfg = Release|x64
		{D1EAF18C-3432-499D-8862-A81C46E066EC}.Release|x64.Build.0 = Release|x64
		{D1EAF18C-3432-499D-8862-A81C46E066EC}.Release|x64.Deploy.0 = Release|x64
		{D1EAF18C-3432-499D-8862-A81C46E066EC}.Release|x86.ActiveCfg = Release|x86
		{D1EAF18C-3432-499D-8862-A81C46E066EC}.Release|x86.Build.0 = Release|x86
		{D1EAF18C-3432-499D-8862-A81C46E066EC}.Release|x86.Deploy.0 = Release|x86
		{5EFF8813-3080-4216-8BF3-7BA69057832F}.Ad-Hoc|Any CPU.ActiveCfg = Debug|Any CPU
		{5EFF8813-3080-4216-8BF3-7BA69057832F}.Ad-Hoc|Any CPU.Build.0 = Debug|Any CPU
		{5EFF8813-3080-4216-8BF3-7BA69057832F}.Ad-Hoc|ARM.ActiveCfg = Debug|Any CPU
		{5EFF8813-3080-4216-8BF3-7BA69057832F}.Ad-Hoc|ARM.Build.0 = Debug|Any CPU
		{5EFF8813-3080-4216-8BF3-7BA69057832F}.Ad-Hoc|ARM64.ActiveCfg = Debug|Any CPU
		{5EFF8813-3080-4216-8BF3-7BA69057832F}.Ad-Hoc|ARM64.Build.0 = Debug|Any CPU
		{5EFF8813-3080-4216-8BF3-7BA69057832F}.Ad-Hoc|iPhone.ActiveCfg = Debug|Any CPU
		{5EFF8813-3080-4216-8BF3-7BA69057832F}.Ad-Hoc|iPhone.Build.0 = Debug|Any CPU
		{5EFF8813-3080-4216-8BF3-7BA69057832F}.Ad-Hoc|iPhoneSimulator.ActiveCfg = Debug|Any CPU
		{5EFF8813-3080-4216-8BF3-7BA69057832F}.Ad-Hoc|iPhoneSimulator.Build.0 = Debug|Any CPU
		{5EFF8813-3080-4216-8BF3-7BA69057832F}.Ad-Hoc|x64.ActiveCfg = Debug|Any CPU
		{5EFF8813-3080-4216-8BF3-7BA69057832F}.Ad-Hoc|x64.Build.0 = Debug|Any CPU
		{5EFF8813-3080-4216-8BF3-7BA69057832F}.Ad-Hoc|x86.ActiveCfg = Debug|Any CPU
		{5EFF8813-3080-4216-8BF3-7BA69057832F}.Ad-Hoc|x86.Build.0 = Debug|Any CPU
		{5EFF8813-3080-4216-8BF3-7BA69057832F}.AppStore|Any CPU.ActiveCfg = Debug|Any CPU
		{5EFF8813-3080-4216-8BF3-7BA69057832F}.AppStore|Any CPU.Build.0 = Debug|Any CPU
		{5EFF8813-3080-4216-8BF3-7BA69057832F}.AppStore|ARM.ActiveCfg = Debug|Any CPU
		{5EFF8813-3080-4216-8BF3-7BA69057832F}.AppStore|ARM.Build.0 = Debug|Any CPU
		{5EFF8813-3080-4216-8BF3-7BA69057832F}.AppStore|ARM64.ActiveCfg = Debug|Any CPU
		{5EFF8813-3080-4216-8BF3-7BA69057832F}.AppStore|ARM64.Build.0 = Debug|Any CPU
		{5EFF8813-3080-4216-8BF3-7BA69057832F}.AppStore|iPhone.ActiveCfg = Debug|Any CPU
		{5EFF8813-3080-4216-8BF3-7BA69057832F}.AppStore|iPhone.Build.0 = Debug|Any CPU
		{5EFF8813-3080-4216-8BF3-7BA69057832F}.AppStore|iPhoneSimulator.ActiveCfg = Debug|Any CPU
		{5EFF8813-3080-4216-8BF3-7BA69057832F}.AppStore|iPhoneSimulator.Build.0 = Debug|Any CPU
		{5EFF8813-3080-4216-8BF3-7BA69057832F}.AppStore|x64.ActiveCfg = Debug|Any CPU
		{5EFF8813-3080-4216-8BF3-7BA69057832F}.AppStore|x64.Build.0 = Debug|Any CPU
		{5EFF8813-3080-4216-8BF3-7BA69057832F}.AppStore|x86.ActiveCfg = Debug|Any CPU
		{5EFF8813-3080-4216-8BF3-7BA69057832F}.AppStore|x86.Build.0 = Debug|Any CPU
		{5EFF8813-3080-4216-8BF3-7BA69057832F}.Debug|Any CPU.ActiveCfg = Debug|Any CPU
		{5EFF8813-3080-4216-8BF3-7BA69057832F}.Debug|Any CPU.Build.0 = Debug|Any CPU
		{5EFF8813-3080-4216-8BF3-7BA69057832F}.Debug|ARM.ActiveCfg = Debug|Any CPU
		{5EFF8813-3080-4216-8BF3-7BA69057832F}.Debug|ARM.Build.0 = Debug|Any CPU
		{5EFF8813-3080-4216-8BF3-7BA69057832F}.Debug|ARM64.ActiveCfg = Debug|Any CPU
		{5EFF8813-3080-4216-8BF3-7BA69057832F}.Debug|ARM64.Build.0 = Debug|Any CPU
		{5EFF8813-3080-4216-8BF3-7BA69057832F}.Debug|iPhone.ActiveCfg = Debug|Any CPU
		{5EFF8813-3080-4216-8BF3-7BA69057832F}.Debug|iPhone.Build.0 = Debug|Any CPU
		{5EFF8813-3080-4216-8BF3-7BA69057832F}.Debug|iPhoneSimulator.ActiveCfg = Debug|Any CPU
		{5EFF8813-3080-4216-8BF3-7BA69057832F}.Debug|iPhoneSimulator.Build.0 = Debug|Any CPU
		{5EFF8813-3080-4216-8BF3-7BA69057832F}.Debug|x64.ActiveCfg = Debug|Any CPU
		{5EFF8813-3080-4216-8BF3-7BA69057832F}.Debug|x64.Build.0 = Debug|Any CPU
		{5EFF8813-3080-4216-8BF3-7BA69057832F}.Debug|x86.ActiveCfg = Debug|Any CPU
		{5EFF8813-3080-4216-8BF3-7BA69057832F}.Debug|x86.Build.0 = Debug|Any CPU
		{5EFF8813-3080-4216-8BF3-7BA69057832F}.Release|Any CPU.ActiveCfg = Release|Any CPU
		{5EFF8813-3080-4216-8BF3-7BA69057832F}.Release|Any CPU.Build.0 = Release|Any CPU
		{5EFF8813-3080-4216-8BF3-7BA69057832F}.Release|ARM.ActiveCfg = Release|Any CPU
		{5EFF8813-3080-4216-8BF3-7BA69057832F}.Release|ARM.Build.0 = Release|Any CPU
		{5EFF8813-3080-4216-8BF3-7BA69057832F}.Release|ARM64.ActiveCfg = Release|Any CPU
		{5EFF8813-3080-4216-8BF3-7BA69057832F}.Release|ARM64.Build.0 = Release|Any CPU
		{5EFF8813-3080-4216-8BF3-7BA69057832F}.Release|iPhone.ActiveCfg = Release|Any CPU
		{5EFF8813-3080-4216-8BF3-7BA69057832F}.Release|iPhone.Build.0 = Release|Any CPU
		{5EFF8813-3080-4216-8BF3-7BA69057832F}.Release|iPhoneSimulator.ActiveCfg = Release|Any CPU
		{5EFF8813-3080-4216-8BF3-7BA69057832F}.Release|iPhoneSimulator.Build.0 = Release|Any CPU
		{5EFF8813-3080-4216-8BF3-7BA69057832F}.Release|x64.ActiveCfg = Release|Any CPU
		{5EFF8813-3080-4216-8BF3-7BA69057832F}.Release|x64.Build.0 = Release|Any CPU
		{5EFF8813-3080-4216-8BF3-7BA69057832F}.Release|x86.ActiveCfg = Release|Any CPU
		{5EFF8813-3080-4216-8BF3-7BA69057832F}.Release|x86.Build.0 = Release|Any CPU
		{B912B2AB-EA33-4327-B554-4D242087200E}.Ad-Hoc|Any CPU.ActiveCfg = Debug|iPhoneSimulator
		{B912B2AB-EA33-4327-B554-4D242087200E}.Ad-Hoc|Any CPU.Build.0 = Debug|iPhoneSimulator
		{B912B2AB-EA33-4327-B554-4D242087200E}.Ad-Hoc|ARM.ActiveCfg = Debug|iPhoneSimulator
		{B912B2AB-EA33-4327-B554-4D242087200E}.Ad-Hoc|ARM.Build.0 = Debug|iPhoneSimulator
		{B912B2AB-EA33-4327-B554-4D242087200E}.Ad-Hoc|ARM64.ActiveCfg = Debug|iPhoneSimulator
		{B912B2AB-EA33-4327-B554-4D242087200E}.Ad-Hoc|ARM64.Build.0 = Debug|iPhoneSimulator
		{B912B2AB-EA33-4327-B554-4D242087200E}.Ad-Hoc|iPhone.ActiveCfg = Debug|iPhoneSimulator
		{B912B2AB-EA33-4327-B554-4D242087200E}.Ad-Hoc|iPhone.Build.0 = Debug|iPhoneSimulator
		{B912B2AB-EA33-4327-B554-4D242087200E}.Ad-Hoc|iPhoneSimulator.ActiveCfg = Debug|iPhoneSimulator
		{B912B2AB-EA33-4327-B554-4D242087200E}.Ad-Hoc|iPhoneSimulator.Build.0 = Debug|iPhoneSimulator
		{B912B2AB-EA33-4327-B554-4D242087200E}.Ad-Hoc|x64.ActiveCfg = Debug|iPhoneSimulator
		{B912B2AB-EA33-4327-B554-4D242087200E}.Ad-Hoc|x64.Build.0 = Debug|iPhoneSimulator
		{B912B2AB-EA33-4327-B554-4D242087200E}.Ad-Hoc|x86.ActiveCfg = Debug|iPhoneSimulator
		{B912B2AB-EA33-4327-B554-4D242087200E}.Ad-Hoc|x86.Build.0 = Debug|iPhoneSimulator
		{B912B2AB-EA33-4327-B554-4D242087200E}.AppStore|Any CPU.ActiveCfg = Debug|iPhoneSimulator
		{B912B2AB-EA33-4327-B554-4D242087200E}.AppStore|Any CPU.Build.0 = Debug|iPhoneSimulator
		{B912B2AB-EA33-4327-B554-4D242087200E}.AppStore|ARM.ActiveCfg = Debug|iPhoneSimulator
		{B912B2AB-EA33-4327-B554-4D242087200E}.AppStore|ARM.Build.0 = Debug|iPhoneSimulator
		{B912B2AB-EA33-4327-B554-4D242087200E}.AppStore|ARM64.ActiveCfg = Debug|iPhoneSimulator
		{B912B2AB-EA33-4327-B554-4D242087200E}.AppStore|ARM64.Build.0 = Debug|iPhoneSimulator
		{B912B2AB-EA33-4327-B554-4D242087200E}.AppStore|iPhone.ActiveCfg = Debug|iPhoneSimulator
		{B912B2AB-EA33-4327-B554-4D242087200E}.AppStore|iPhone.Build.0 = Debug|iPhoneSimulator
		{B912B2AB-EA33-4327-B554-4D242087200E}.AppStore|iPhoneSimulator.ActiveCfg = Debug|iPhoneSimulator
		{B912B2AB-EA33-4327-B554-4D242087200E}.AppStore|iPhoneSimulator.Build.0 = Debug|iPhoneSimulator
		{B912B2AB-EA33-4327-B554-4D242087200E}.AppStore|x64.ActiveCfg = Debug|iPhoneSimulator
		{B912B2AB-EA33-4327-B554-4D242087200E}.AppStore|x64.Build.0 = Debug|iPhoneSimulator
		{B912B2AB-EA33-4327-B554-4D242087200E}.AppStore|x86.ActiveCfg = Debug|iPhoneSimulator
		{B912B2AB-EA33-4327-B554-4D242087200E}.AppStore|x86.Build.0 = Debug|iPhoneSimulator
		{B912B2AB-EA33-4327-B554-4D242087200E}.Debug|Any CPU.ActiveCfg = Debug|iPhoneSimulator
		{B912B2AB-EA33-4327-B554-4D242087200E}.Debug|ARM.ActiveCfg = Debug|iPhoneSimulator
		{B912B2AB-EA33-4327-B554-4D242087200E}.Debug|ARM64.ActiveCfg = Debug|iPhoneSimulator
		{B912B2AB-EA33-4327-B554-4D242087200E}.Debug|iPhone.ActiveCfg = Debug|iPhoneSimulator
		{B912B2AB-EA33-4327-B554-4D242087200E}.Debug|iPhoneSimulator.ActiveCfg = Debug|iPhoneSimulator
		{B912B2AB-EA33-4327-B554-4D242087200E}.Debug|iPhoneSimulator.Build.0 = Debug|iPhoneSimulator
		{B912B2AB-EA33-4327-B554-4D242087200E}.Debug|x64.ActiveCfg = Debug|iPhoneSimulator
		{B912B2AB-EA33-4327-B554-4D242087200E}.Debug|x86.ActiveCfg = Debug|iPhoneSimulator
		{B912B2AB-EA33-4327-B554-4D242087200E}.Release|Any CPU.ActiveCfg = Release|iPhoneSimulator
		{B912B2AB-EA33-4327-B554-4D242087200E}.Release|ARM.ActiveCfg = Release|iPhoneSimulator
		{B912B2AB-EA33-4327-B554-4D242087200E}.Release|ARM64.ActiveCfg = Release|iPhoneSimulator
		{B912B2AB-EA33-4327-B554-4D242087200E}.Release|iPhone.ActiveCfg = Release|iPhoneSimulator
		{B912B2AB-EA33-4327-B554-4D242087200E}.Release|iPhoneSimulator.ActiveCfg = Release|iPhoneSimulator
		{B912B2AB-EA33-4327-B554-4D242087200E}.Release|iPhoneSimulator.Build.0 = Release|iPhoneSimulator
		{B912B2AB-EA33-4327-B554-4D242087200E}.Release|x64.ActiveCfg = Release|iPhoneSimulator
		{B912B2AB-EA33-4327-B554-4D242087200E}.Release|x86.ActiveCfg = Release|iPhoneSimulator
		{8F4F4A06-4AED-4A61-BF28-1C3A38110AD9}.Ad-Hoc|Any CPU.ActiveCfg = Debug|Any CPU
		{8F4F4A06-4AED-4A61-BF28-1C3A38110AD9}.Ad-Hoc|Any CPU.Build.0 = Debug|Any CPU
		{8F4F4A06-4AED-4A61-BF28-1C3A38110AD9}.Ad-Hoc|ARM.ActiveCfg = Debug|Any CPU
		{8F4F4A06-4AED-4A61-BF28-1C3A38110AD9}.Ad-Hoc|ARM.Build.0 = Debug|Any CPU
		{8F4F4A06-4AED-4A61-BF28-1C3A38110AD9}.Ad-Hoc|ARM64.ActiveCfg = Debug|Any CPU
		{8F4F4A06-4AED-4A61-BF28-1C3A38110AD9}.Ad-Hoc|ARM64.Build.0 = Debug|Any CPU
		{8F4F4A06-4AED-4A61-BF28-1C3A38110AD9}.Ad-Hoc|iPhone.ActiveCfg = Debug|Any CPU
		{8F4F4A06-4AED-4A61-BF28-1C3A38110AD9}.Ad-Hoc|iPhone.Build.0 = Debug|Any CPU
		{8F4F4A06-4AED-4A61-BF28-1C3A38110AD9}.Ad-Hoc|iPhoneSimulator.ActiveCfg = Debug|Any CPU
		{8F4F4A06-4AED-4A61-BF28-1C3A38110AD9}.Ad-Hoc|iPhoneSimulator.Build.0 = Debug|Any CPU
		{8F4F4A06-4AED-4A61-BF28-1C3A38110AD9}.Ad-Hoc|x64.ActiveCfg = Debug|Any CPU
		{8F4F4A06-4AED-4A61-BF28-1C3A38110AD9}.Ad-Hoc|x64.Build.0 = Debug|Any CPU
		{8F4F4A06-4AED-4A61-BF28-1C3A38110AD9}.Ad-Hoc|x86.ActiveCfg = Debug|Any CPU
		{8F4F4A06-4AED-4A61-BF28-1C3A38110AD9}.Ad-Hoc|x86.Build.0 = Debug|Any CPU
		{8F4F4A06-4AED-4A61-BF28-1C3A38110AD9}.AppStore|Any CPU.ActiveCfg = Debug|Any CPU
		{8F4F4A06-4AED-4A61-BF28-1C3A38110AD9}.AppStore|Any CPU.Build.0 = Debug|Any CPU
		{8F4F4A06-4AED-4A61-BF28-1C3A38110AD9}.AppStore|ARM.ActiveCfg = Debug|Any CPU
		{8F4F4A06-4AED-4A61-BF28-1C3A38110AD9}.AppStore|ARM.Build.0 = Debug|Any CPU
		{8F4F4A06-4AED-4A61-BF28-1C3A38110AD9}.AppStore|ARM64.ActiveCfg = Debug|Any CPU
		{8F4F4A06-4AED-4A61-BF28-1C3A38110AD9}.AppStore|ARM64.Build.0 = Debug|Any CPU
		{8F4F4A06-4AED-4A61-BF28-1C3A38110AD9}.AppStore|iPhone.ActiveCfg = Debug|Any CPU
		{8F4F4A06-4AED-4A61-BF28-1C3A38110AD9}.AppStore|iPhone.Build.0 = Debug|Any CPU
		{8F4F4A06-4AED-4A61-BF28-1C3A38110AD9}.AppStore|iPhoneSimulator.ActiveCfg = Debug|Any CPU
		{8F4F4A06-4AED-4A61-BF28-1C3A38110AD9}.AppStore|iPhoneSimulator.Build.0 = Debug|Any CPU
		{8F4F4A06-4AED-4A61-BF28-1C3A38110AD9}.AppStore|x64.ActiveCfg = Debug|Any CPU
		{8F4F4A06-4AED-4A61-BF28-1C3A38110AD9}.AppStore|x64.Build.0 = Debug|Any CPU
		{8F4F4A06-4AED-4A61-BF28-1C3A38110AD9}.AppStore|x86.ActiveCfg = Debug|Any CPU
		{8F4F4A06-4AED-4A61-BF28-1C3A38110AD9}.AppStore|x86.Build.0 = Debug|Any CPU
		{8F4F4A06-4AED-4A61-BF28-1C3A38110AD9}.Debug|Any CPU.ActiveCfg = Debug|Any CPU
		{8F4F4A06-4AED-4A61-BF28-1C3A38110AD9}.Debug|Any CPU.Build.0 = Debug|Any CPU
		{8F4F4A06-4AED-4A61-BF28-1C3A38110AD9}.Debug|ARM.ActiveCfg = Debug|Any CPU
		{8F4F4A06-4AED-4A61-BF28-1C3A38110AD9}.Debug|ARM.Build.0 = Debug|Any CPU
		{8F4F4A06-4AED-4A61-BF28-1C3A38110AD9}.Debug|ARM64.ActiveCfg = Debug|Any CPU
		{8F4F4A06-4AED-4A61-BF28-1C3A38110AD9}.Debug|ARM64.Build.0 = Debug|Any CPU
		{8F4F4A06-4AED-4A61-BF28-1C3A38110AD9}.Debug|iPhone.ActiveCfg = Debug|Any CPU
		{8F4F4A06-4AED-4A61-BF28-1C3A38110AD9}.Debug|iPhone.Build.0 = Debug|Any CPU
		{8F4F4A06-4AED-4A61-BF28-1C3A38110AD9}.Debug|iPhoneSimulator.ActiveCfg = Debug|Any CPU
		{8F4F4A06-4AED-4A61-BF28-1C3A38110AD9}.Debug|iPhoneSimulator.Build.0 = Debug|Any CPU
		{8F4F4A06-4AED-4A61-BF28-1C3A38110AD9}.Debug|x64.ActiveCfg = Debug|Any CPU
		{8F4F4A06-4AED-4A61-BF28-1C3A38110AD9}.Debug|x64.Build.0 = Debug|Any CPU
		{8F4F4A06-4AED-4A61-BF28-1C3A38110AD9}.Debug|x86.ActiveCfg = Debug|Any CPU
		{8F4F4A06-4AED-4A61-BF28-1C3A38110AD9}.Debug|x86.Build.0 = Debug|Any CPU
		{8F4F4A06-4AED-4A61-BF28-1C3A38110AD9}.Release|Any CPU.ActiveCfg = Release|Any CPU
		{8F4F4A06-4AED-4A61-BF28-1C3A38110AD9}.Release|Any CPU.Build.0 = Release|Any CPU
		{8F4F4A06-4AED-4A61-BF28-1C3A38110AD9}.Release|ARM.ActiveCfg = Release|Any CPU
		{8F4F4A06-4AED-4A61-BF28-1C3A38110AD9}.Release|ARM.Build.0 = Release|Any CPU
		{8F4F4A06-4AED-4A61-BF28-1C3A38110AD9}.Release|ARM64.ActiveCfg = Release|Any CPU
		{8F4F4A06-4AED-4A61-BF28-1C3A38110AD9}.Release|ARM64.Build.0 = Release|Any CPU
		{8F4F4A06-4AED-4A61-BF28-1C3A38110AD9}.Release|iPhone.ActiveCfg = Release|Any CPU
		{8F4F4A06-4AED-4A61-BF28-1C3A38110AD9}.Release|iPhone.Build.0 = Release|Any CPU
		{8F4F4A06-4AED-4A61-BF28-1C3A38110AD9}.Release|iPhoneSimulator.ActiveCfg = Release|Any CPU
		{8F4F4A06-4AED-4A61-BF28-1C3A38110AD9}.Release|iPhoneSimulator.Build.0 = Release|Any CPU
		{8F4F4A06-4AED-4A61-BF28-1C3A38110AD9}.Release|x64.ActiveCfg = Release|Any CPU
		{8F4F4A06-4AED-4A61-BF28-1C3A38110AD9}.Release|x64.Build.0 = Release|Any CPU
		{8F4F4A06-4AED-4A61-BF28-1C3A38110AD9}.Release|x86.ActiveCfg = Release|Any CPU
		{8F4F4A06-4AED-4A61-BF28-1C3A38110AD9}.Release|x86.Build.0 = Release|Any CPU
		{D27A6638-2183-4ED6-89C6-0ABED6E16F47}.Ad-Hoc|Any CPU.ActiveCfg = Debug|Any CPU
		{D27A6638-2183-4ED6-89C6-0ABED6E16F47}.Ad-Hoc|Any CPU.Build.0 = Debug|Any CPU
		{D27A6638-2183-4ED6-89C6-0ABED6E16F47}.Ad-Hoc|ARM.ActiveCfg = Debug|Any CPU
		{D27A6638-2183-4ED6-89C6-0ABED6E16F47}.Ad-Hoc|ARM.Build.0 = Debug|Any CPU
		{D27A6638-2183-4ED6-89C6-0ABED6E16F47}.Ad-Hoc|ARM64.ActiveCfg = Debug|Any CPU
		{D27A6638-2183-4ED6-89C6-0ABED6E16F47}.Ad-Hoc|ARM64.Build.0 = Debug|Any CPU
		{D27A6638-2183-4ED6-89C6-0ABED6E16F47}.Ad-Hoc|iPhone.ActiveCfg = Debug|Any CPU
		{D27A6638-2183-4ED6-89C6-0ABED6E16F47}.Ad-Hoc|iPhone.Build.0 = Debug|Any CPU
		{D27A6638-2183-4ED6-89C6-0ABED6E16F47}.Ad-Hoc|iPhoneSimulator.ActiveCfg = Debug|Any CPU
		{D27A6638-2183-4ED6-89C6-0ABED6E16F47}.Ad-Hoc|iPhoneSimulator.Build.0 = Debug|Any CPU
		{D27A6638-2183-4ED6-89C6-0ABED6E16F47}.Ad-Hoc|x64.ActiveCfg = Debug|Any CPU
		{D27A6638-2183-4ED6-89C6-0ABED6E16F47}.Ad-Hoc|x64.Build.0 = Debug|Any CPU
		{D27A6638-2183-4ED6-89C6-0ABED6E16F47}.Ad-Hoc|x86.ActiveCfg = Debug|Any CPU
		{D27A6638-2183-4ED6-89C6-0ABED6E16F47}.Ad-Hoc|x86.Build.0 = Debug|Any CPU
		{D27A6638-2183-4ED6-89C6-0ABED6E16F47}.AppStore|Any CPU.ActiveCfg = Debug|Any CPU
		{D27A6638-2183-4ED6-89C6-0ABED6E16F47}.AppStore|Any CPU.Build.0 = Debug|Any CPU
		{D27A6638-2183-4ED6-89C6-0ABED6E16F47}.AppStore|ARM.ActiveCfg = Debug|Any CPU
		{D27A6638-2183-4ED6-89C6-0ABED6E16F47}.AppStore|ARM.Build.0 = Debug|Any CPU
		{D27A6638-2183-4ED6-89C6-0ABED6E16F47}.AppStore|ARM64.ActiveCfg = Debug|Any CPU
		{D27A6638-2183-4ED6-89C6-0ABED6E16F47}.AppStore|ARM64.Build.0 = Debug|Any CPU
		{D27A6638-2183-4ED6-89C6-0ABED6E16F47}.AppStore|iPhone.ActiveCfg = Debug|Any CPU
		{D27A6638-2183-4ED6-89C6-0ABED6E16F47}.AppStore|iPhone.Build.0 = Debug|Any CPU
		{D27A6638-2183-4ED6-89C6-0ABED6E16F47}.AppStore|iPhoneSimulator.ActiveCfg = Debug|Any CPU
		{D27A6638-2183-4ED6-89C6-0ABED6E16F47}.AppStore|iPhoneSimulator.Build.0 = Debug|Any CPU
		{D27A6638-2183-4ED6-89C6-0ABED6E16F47}.AppStore|x64.ActiveCfg = Debug|Any CPU
		{D27A6638-2183-4ED6-89C6-0ABED6E16F47}.AppStore|x64.Build.0 = Debug|Any CPU
		{D27A6638-2183-4ED6-89C6-0ABED6E16F47}.AppStore|x86.ActiveCfg = Debug|Any CPU
		{D27A6638-2183-4ED6-89C6-0ABED6E16F47}.AppStore|x86.Build.0 = Debug|Any CPU
		{D27A6638-2183-4ED6-89C6-0ABED6E16F47}.Debug|Any CPU.ActiveCfg = Debug|Any CPU
		{D27A6638-2183-4ED6-89C6-0ABED6E16F47}.Debug|Any CPU.Build.0 = Debug|Any CPU
		{D27A6638-2183-4ED6-89C6-0ABED6E16F47}.Debug|ARM.ActiveCfg = Debug|Any CPU
		{D27A6638-2183-4ED6-89C6-0ABED6E16F47}.Debug|ARM.Build.0 = Debug|Any CPU
		{D27A6638-2183-4ED6-89C6-0ABED6E16F47}.Debug|ARM64.ActiveCfg = Debug|Any CPU
		{D27A6638-2183-4ED6-89C6-0ABED6E16F47}.Debug|ARM64.Build.0 = Debug|Any CPU
		{D27A6638-2183-4ED6-89C6-0ABED6E16F47}.Debug|iPhone.ActiveCfg = Debug|Any CPU
		{D27A6638-2183-4ED6-89C6-0ABED6E16F47}.Debug|iPhone.Build.0 = Debug|Any CPU
		{D27A6638-2183-4ED6-89C6-0ABED6E16F47}.Debug|iPhoneSimulator.ActiveCfg = Debug|Any CPU
		{D27A6638-2183-4ED6-89C6-0ABED6E16F47}.Debug|iPhoneSimulator.Build.0 = Debug|Any CPU
		{D27A6638-2183-4ED6-89C6-0ABED6E16F47}.Debug|x64.ActiveCfg = Debug|Any CPU
		{D27A6638-2183-4ED6-89C6-0ABED6E16F47}.Debug|x64.Build.0 = Debug|Any CPU
		{D27A6638-2183-4ED6-89C6-0ABED6E16F47}.Debug|x86.ActiveCfg = Debug|Any CPU
		{D27A6638-2183-4ED6-89C6-0ABED6E16F47}.Debug|x86.Build.0 = Debug|Any CPU
		{D27A6638-2183-4ED6-89C6-0ABED6E16F47}.Release|Any CPU.ActiveCfg = Release|Any CPU
		{D27A6638-2183-4ED6-89C6-0ABED6E16F47}.Release|Any CPU.Build.0 = Release|Any CPU
		{D27A6638-2183-4ED6-89C6-0ABED6E16F47}.Release|ARM.ActiveCfg = Release|Any CPU
		{D27A6638-2183-4ED6-89C6-0ABED6E16F47}.Release|ARM.Build.0 = Release|Any CPU
		{D27A6638-2183-4ED6-89C6-0ABED6E16F47}.Release|ARM64.ActiveCfg = Release|Any CPU
		{D27A6638-2183-4ED6-89C6-0ABED6E16F47}.Release|ARM64.Build.0 = Release|Any CPU
		{D27A6638-2183-4ED6-89C6-0ABED6E16F47}.Release|iPhone.ActiveCfg = Release|Any CPU
		{D27A6638-2183-4ED6-89C6-0ABED6E16F47}.Release|iPhone.Build.0 = Release|Any CPU
		{D27A6638-2183-4ED6-89C6-0ABED6E16F47}.Release|iPhoneSimulator.ActiveCfg = Release|Any CPU
		{D27A6638-2183-4ED6-89C6-0ABED6E16F47}.Release|iPhoneSimulator.Build.0 = Release|Any CPU
		{D27A6638-2183-4ED6-89C6-0ABED6E16F47}.Release|x64.ActiveCfg = Release|Any CPU
		{D27A6638-2183-4ED6-89C6-0ABED6E16F47}.Release|x64.Build.0 = Release|Any CPU
		{D27A6638-2183-4ED6-89C6-0ABED6E16F47}.Release|x86.ActiveCfg = Release|Any CPU
		{D27A6638-2183-4ED6-89C6-0ABED6E16F47}.Release|x86.Build.0 = Release|Any CPU
		{F6FAF46A-2322-4C68-99C2-C4C8D8A9BF41}.Ad-Hoc|Any CPU.ActiveCfg = Debug|Any CPU
		{F6FAF46A-2322-4C68-99C2-C4C8D8A9BF41}.Ad-Hoc|Any CPU.Build.0 = Debug|Any CPU
		{F6FAF46A-2322-4C68-99C2-C4C8D8A9BF41}.Ad-Hoc|ARM.ActiveCfg = Debug|Any CPU
		{F6FAF46A-2322-4C68-99C2-C4C8D8A9BF41}.Ad-Hoc|ARM.Build.0 = Debug|Any CPU
		{F6FAF46A-2322-4C68-99C2-C4C8D8A9BF41}.Ad-Hoc|ARM64.ActiveCfg = Debug|Any CPU
		{F6FAF46A-2322-4C68-99C2-C4C8D8A9BF41}.Ad-Hoc|ARM64.Build.0 = Debug|Any CPU
		{F6FAF46A-2322-4C68-99C2-C4C8D8A9BF41}.Ad-Hoc|iPhone.ActiveCfg = Debug|Any CPU
		{F6FAF46A-2322-4C68-99C2-C4C8D8A9BF41}.Ad-Hoc|iPhone.Build.0 = Debug|Any CPU
		{F6FAF46A-2322-4C68-99C2-C4C8D8A9BF41}.Ad-Hoc|iPhoneSimulator.ActiveCfg = Debug|Any CPU
		{F6FAF46A-2322-4C68-99C2-C4C8D8A9BF41}.Ad-Hoc|iPhoneSimulator.Build.0 = Debug|Any CPU
		{F6FAF46A-2322-4C68-99C2-C4C8D8A9BF41}.Ad-Hoc|x64.ActiveCfg = Debug|Any CPU
		{F6FAF46A-2322-4C68-99C2-C4C8D8A9BF41}.Ad-Hoc|x64.Build.0 = Debug|Any CPU
		{F6FAF46A-2322-4C68-99C2-C4C8D8A9BF41}.Ad-Hoc|x86.ActiveCfg = Debug|Any CPU
		{F6FAF46A-2322-4C68-99C2-C4C8D8A9BF41}.Ad-Hoc|x86.Build.0 = Debug|Any CPU
		{F6FAF46A-2322-4C68-99C2-C4C8D8A9BF41}.AppStore|Any CPU.ActiveCfg = Debug|Any CPU
		{F6FAF46A-2322-4C68-99C2-C4C8D8A9BF41}.AppStore|Any CPU.Build.0 = Debug|Any CPU
		{F6FAF46A-2322-4C68-99C2-C4C8D8A9BF41}.AppStore|ARM.ActiveCfg = Debug|Any CPU
		{F6FAF46A-2322-4C68-99C2-C4C8D8A9BF41}.AppStore|ARM.Build.0 = Debug|Any CPU
		{F6FAF46A-2322-4C68-99C2-C4C8D8A9BF41}.AppStore|ARM64.ActiveCfg = Debug|Any CPU
		{F6FAF46A-2322-4C68-99C2-C4C8D8A9BF41}.AppStore|ARM64.Build.0 = Debug|Any CPU
		{F6FAF46A-2322-4C68-99C2-C4C8D8A9BF41}.AppStore|iPhone.ActiveCfg = Debug|Any CPU
		{F6FAF46A-2322-4C68-99C2-C4C8D8A9BF41}.AppStore|iPhone.Build.0 = Debug|Any CPU
		{F6FAF46A-2322-4C68-99C2-C4C8D8A9BF41}.AppStore|iPhoneSimulator.ActiveCfg = Debug|Any CPU
		{F6FAF46A-2322-4C68-99C2-C4C8D8A9BF41}.AppStore|iPhoneSimulator.Build.0 = Debug|Any CPU
		{F6FAF46A-2322-4C68-99C2-C4C8D8A9BF41}.AppStore|x64.ActiveCfg = Debug|Any CPU
		{F6FAF46A-2322-4C68-99C2-C4C8D8A9BF41}.AppStore|x64.Build.0 = Debug|Any CPU
		{F6FAF46A-2322-4C68-99C2-C4C8D8A9BF41}.AppStore|x86.ActiveCfg = Debug|Any CPU
		{F6FAF46A-2322-4C68-99C2-C4C8D8A9BF41}.AppStore|x86.Build.0 = Debug|Any CPU
		{F6FAF46A-2322-4C68-99C2-C4C8D8A9BF41}.Debug|Any CPU.ActiveCfg = Debug|Any CPU
		{F6FAF46A-2322-4C68-99C2-C4C8D8A9BF41}.Debug|Any CPU.Build.0 = Debug|Any CPU
		{F6FAF46A-2322-4C68-99C2-C4C8D8A9BF41}.Debug|ARM.ActiveCfg = Debug|Any CPU
		{F6FAF46A-2322-4C68-99C2-C4C8D8A9BF41}.Debug|ARM.Build.0 = Debug|Any CPU
		{F6FAF46A-2322-4C68-99C2-C4C8D8A9BF41}.Debug|ARM64.ActiveCfg = Debug|Any CPU
		{F6FAF46A-2322-4C68-99C2-C4C8D8A9BF41}.Debug|ARM64.Build.0 = Debug|Any CPU
		{F6FAF46A-2322-4C68-99C2-C4C8D8A9BF41}.Debug|iPhone.ActiveCfg = Debug|Any CPU
		{F6FAF46A-2322-4C68-99C2-C4C8D8A9BF41}.Debug|iPhone.Build.0 = Debug|Any CPU
		{F6FAF46A-2322-4C68-99C2-C4C8D8A9BF41}.Debug|iPhoneSimulator.ActiveCfg = Debug|Any CPU
		{F6FAF46A-2322-4C68-99C2-C4C8D8A9BF41}.Debug|iPhoneSimulator.Build.0 = Debug|Any CPU
		{F6FAF46A-2322-4C68-99C2-C4C8D8A9BF41}.Debug|x64.ActiveCfg = Debug|Any CPU
		{F6FAF46A-2322-4C68-99C2-C4C8D8A9BF41}.Debug|x64.Build.0 = Debug|Any CPU
		{F6FAF46A-2322-4C68-99C2-C4C8D8A9BF41}.Debug|x86.ActiveCfg = Debug|Any CPU
		{F6FAF46A-2322-4C68-99C2-C4C8D8A9BF41}.Debug|x86.Build.0 = Debug|Any CPU
		{F6FAF46A-2322-4C68-99C2-C4C8D8A9BF41}.Release|Any CPU.ActiveCfg = Release|Any CPU
		{F6FAF46A-2322-4C68-99C2-C4C8D8A9BF41}.Release|Any CPU.Build.0 = Release|Any CPU
		{F6FAF46A-2322-4C68-99C2-C4C8D8A9BF41}.Release|ARM.ActiveCfg = Release|Any CPU
		{F6FAF46A-2322-4C68-99C2-C4C8D8A9BF41}.Release|ARM.Build.0 = Release|Any CPU
		{F6FAF46A-2322-4C68-99C2-C4C8D8A9BF41}.Release|ARM64.ActiveCfg = Release|Any CPU
		{F6FAF46A-2322-4C68-99C2-C4C8D8A9BF41}.Release|ARM64.Build.0 = Release|Any CPU
		{F6FAF46A-2322-4C68-99C2-C4C8D8A9BF41}.Release|iPhone.ActiveCfg = Release|Any CPU
		{F6FAF46A-2322-4C68-99C2-C4C8D8A9BF41}.Release|iPhone.Build.0 = Release|Any CPU
		{F6FAF46A-2322-4C68-99C2-C4C8D8A9BF41}.Release|iPhoneSimulator.ActiveCfg = Release|Any CPU
		{F6FAF46A-2322-4C68-99C2-C4C8D8A9BF41}.Release|iPhoneSimulator.Build.0 = Release|Any CPU
		{F6FAF46A-2322-4C68-99C2-C4C8D8A9BF41}.Release|x64.ActiveCfg = Release|Any CPU
		{F6FAF46A-2322-4C68-99C2-C4C8D8A9BF41}.Release|x64.Build.0 = Release|Any CPU
		{F6FAF46A-2322-4C68-99C2-C4C8D8A9BF41}.Release|x86.ActiveCfg = Release|Any CPU
		{F6FAF46A-2322-4C68-99C2-C4C8D8A9BF41}.Release|x86.Build.0 = Release|Any CPU
		{EEC65671-7B48-40F8-8BCF-3567BBEAB6D8}.Ad-Hoc|Any CPU.ActiveCfg = Debug|Any CPU
		{EEC65671-7B48-40F8-8BCF-3567BBEAB6D8}.Ad-Hoc|Any CPU.Build.0 = Debug|Any CPU
		{EEC65671-7B48-40F8-8BCF-3567BBEAB6D8}.Ad-Hoc|ARM.ActiveCfg = Debug|Any CPU
		{EEC65671-7B48-40F8-8BCF-3567BBEAB6D8}.Ad-Hoc|ARM.Build.0 = Debug|Any CPU
		{EEC65671-7B48-40F8-8BCF-3567BBEAB6D8}.Ad-Hoc|ARM64.ActiveCfg = Debug|Any CPU
		{EEC65671-7B48-40F8-8BCF-3567BBEAB6D8}.Ad-Hoc|ARM64.Build.0 = Debug|Any CPU
		{EEC65671-7B48-40F8-8BCF-3567BBEAB6D8}.Ad-Hoc|iPhone.ActiveCfg = Debug|Any CPU
		{EEC65671-7B48-40F8-8BCF-3567BBEAB6D8}.Ad-Hoc|iPhone.Build.0 = Debug|Any CPU
		{EEC65671-7B48-40F8-8BCF-3567BBEAB6D8}.Ad-Hoc|iPhoneSimulator.ActiveCfg = Debug|Any CPU
		{EEC65671-7B48-40F8-8BCF-3567BBEAB6D8}.Ad-Hoc|iPhoneSimulator.Build.0 = Debug|Any CPU
		{EEC65671-7B48-40F8-8BCF-3567BBEAB6D8}.Ad-Hoc|x64.ActiveCfg = Debug|Any CPU
		{EEC65671-7B48-40F8-8BCF-3567BBEAB6D8}.Ad-Hoc|x64.Build.0 = Debug|Any CPU
		{EEC65671-7B48-40F8-8BCF-3567BBEAB6D8}.Ad-Hoc|x86.ActiveCfg = Debug|Any CPU
		{EEC65671-7B48-40F8-8BCF-3567BBEAB6D8}.Ad-Hoc|x86.Build.0 = Debug|Any CPU
		{EEC65671-7B48-40F8-8BCF-3567BBEAB6D8}.AppStore|Any CPU.ActiveCfg = Debug|Any CPU
		{EEC65671-7B48-40F8-8BCF-3567BBEAB6D8}.AppStore|Any CPU.Build.0 = Debug|Any CPU
		{EEC65671-7B48-40F8-8BCF-3567BBEAB6D8}.AppStore|ARM.ActiveCfg = Debug|Any CPU
		{EEC65671-7B48-40F8-8BCF-3567BBEAB6D8}.AppStore|ARM.Build.0 = Debug|Any CPU
		{EEC65671-7B48-40F8-8BCF-3567BBEAB6D8}.AppStore|ARM64.ActiveCfg = Debug|Any CPU
		{EEC65671-7B48-40F8-8BCF-3567BBEAB6D8}.AppStore|ARM64.Build.0 = Debug|Any CPU
		{EEC65671-7B48-40F8-8BCF-3567BBEAB6D8}.AppStore|iPhone.ActiveCfg = Debug|Any CPU
		{EEC65671-7B48-40F8-8BCF-3567BBEAB6D8}.AppStore|iPhone.Build.0 = Debug|Any CPU
		{EEC65671-7B48-40F8-8BCF-3567BBEAB6D8}.AppStore|iPhoneSimulator.ActiveCfg = Debug|Any CPU
		{EEC65671-7B48-40F8-8BCF-3567BBEAB6D8}.AppStore|iPhoneSimulator.Build.0 = Debug|Any CPU
		{EEC65671-7B48-40F8-8BCF-3567BBEAB6D8}.AppStore|x64.ActiveCfg = Debug|Any CPU
		{EEC65671-7B48-40F8-8BCF-3567BBEAB6D8}.AppStore|x64.Build.0 = Debug|Any CPU
		{EEC65671-7B48-40F8-8BCF-3567BBEAB6D8}.AppStore|x86.ActiveCfg = Debug|Any CPU
		{EEC65671-7B48-40F8-8BCF-3567BBEAB6D8}.AppStore|x86.Build.0 = Debug|Any CPU
		{EEC65671-7B48-40F8-8BCF-3567BBEAB6D8}.Debug|Any CPU.ActiveCfg = Debug|Any CPU
		{EEC65671-7B48-40F8-8BCF-3567BBEAB6D8}.Debug|Any CPU.Build.0 = Debug|Any CPU
		{EEC65671-7B48-40F8-8BCF-3567BBEAB6D8}.Debug|ARM.ActiveCfg = Debug|Any CPU
		{EEC65671-7B48-40F8-8BCF-3567BBEAB6D8}.Debug|ARM.Build.0 = Debug|Any CPU
		{EEC65671-7B48-40F8-8BCF-3567BBEAB6D8}.Debug|ARM64.ActiveCfg = Debug|Any CPU
		{EEC65671-7B48-40F8-8BCF-3567BBEAB6D8}.Debug|ARM64.Build.0 = Debug|Any CPU
		{EEC65671-7B48-40F8-8BCF-3567BBEAB6D8}.Debug|iPhone.ActiveCfg = Debug|Any CPU
		{EEC65671-7B48-40F8-8BCF-3567BBEAB6D8}.Debug|iPhone.Build.0 = Debug|Any CPU
		{EEC65671-7B48-40F8-8BCF-3567BBEAB6D8}.Debug|iPhoneSimulator.ActiveCfg = Debug|Any CPU
		{EEC65671-7B48-40F8-8BCF-3567BBEAB6D8}.Debug|iPhoneSimulator.Build.0 = Debug|Any CPU
		{EEC65671-7B48-40F8-8BCF-3567BBEAB6D8}.Debug|x64.ActiveCfg = Debug|Any CPU
		{EEC65671-7B48-40F8-8BCF-3567BBEAB6D8}.Debug|x64.Build.0 = Debug|Any CPU
		{EEC65671-7B48-40F8-8BCF-3567BBEAB6D8}.Debug|x86.ActiveCfg = Debug|Any CPU
		{EEC65671-7B48-40F8-8BCF-3567BBEAB6D8}.Debug|x86.Build.0 = Debug|Any CPU
		{EEC65671-7B48-40F8-8BCF-3567BBEAB6D8}.Release|Any CPU.ActiveCfg = Release|Any CPU
		{EEC65671-7B48-40F8-8BCF-3567BBEAB6D8}.Release|Any CPU.Build.0 = Release|Any CPU
		{EEC65671-7B48-40F8-8BCF-3567BBEAB6D8}.Release|ARM.ActiveCfg = Release|Any CPU
		{EEC65671-7B48-40F8-8BCF-3567BBEAB6D8}.Release|ARM.Build.0 = Release|Any CPU
		{EEC65671-7B48-40F8-8BCF-3567BBEAB6D8}.Release|ARM64.ActiveCfg = Release|Any CPU
		{EEC65671-7B48-40F8-8BCF-3567BBEAB6D8}.Release|ARM64.Build.0 = Release|Any CPU
		{EEC65671-7B48-40F8-8BCF-3567BBEAB6D8}.Release|iPhone.ActiveCfg = Release|Any CPU
		{EEC65671-7B48-40F8-8BCF-3567BBEAB6D8}.Release|iPhone.Build.0 = Release|Any CPU
		{EEC65671-7B48-40F8-8BCF-3567BBEAB6D8}.Release|iPhoneSimulator.ActiveCfg = Release|Any CPU
		{EEC65671-7B48-40F8-8BCF-3567BBEAB6D8}.Release|iPhoneSimulator.Build.0 = Release|Any CPU
		{EEC65671-7B48-40F8-8BCF-3567BBEAB6D8}.Release|x64.ActiveCfg = Release|Any CPU
		{EEC65671-7B48-40F8-8BCF-3567BBEAB6D8}.Release|x64.Build.0 = Release|Any CPU
		{EEC65671-7B48-40F8-8BCF-3567BBEAB6D8}.Release|x86.ActiveCfg = Release|Any CPU
		{EEC65671-7B48-40F8-8BCF-3567BBEAB6D8}.Release|x86.Build.0 = Release|Any CPU
		{F94BD5BD-40EA-480F-9C20-97B865645757}.Ad-Hoc|Any CPU.ActiveCfg = Debug|Any CPU
		{F94BD5BD-40EA-480F-9C20-97B865645757}.Ad-Hoc|Any CPU.Build.0 = Debug|Any CPU
		{F94BD5BD-40EA-480F-9C20-97B865645757}.Ad-Hoc|ARM.ActiveCfg = Debug|Any CPU
		{F94BD5BD-40EA-480F-9C20-97B865645757}.Ad-Hoc|ARM.Build.0 = Debug|Any CPU
		{F94BD5BD-40EA-480F-9C20-97B865645757}.Ad-Hoc|ARM64.ActiveCfg = Debug|Any CPU
		{F94BD5BD-40EA-480F-9C20-97B865645757}.Ad-Hoc|ARM64.Build.0 = Debug|Any CPU
		{F94BD5BD-40EA-480F-9C20-97B865645757}.Ad-Hoc|iPhone.ActiveCfg = Debug|Any CPU
		{F94BD5BD-40EA-480F-9C20-97B865645757}.Ad-Hoc|iPhone.Build.0 = Debug|Any CPU
		{F94BD5BD-40EA-480F-9C20-97B865645757}.Ad-Hoc|iPhoneSimulator.ActiveCfg = Debug|Any CPU
		{F94BD5BD-40EA-480F-9C20-97B865645757}.Ad-Hoc|iPhoneSimulator.Build.0 = Debug|Any CPU
		{F94BD5BD-40EA-480F-9C20-97B865645757}.Ad-Hoc|x64.ActiveCfg = Debug|Any CPU
		{F94BD5BD-40EA-480F-9C20-97B865645757}.Ad-Hoc|x64.Build.0 = Debug|Any CPU
		{F94BD5BD-40EA-480F-9C20-97B865645757}.Ad-Hoc|x86.ActiveCfg = Debug|Any CPU
		{F94BD5BD-40EA-480F-9C20-97B865645757}.Ad-Hoc|x86.Build.0 = Debug|Any CPU
		{F94BD5BD-40EA-480F-9C20-97B865645757}.AppStore|Any CPU.ActiveCfg = Debug|Any CPU
		{F94BD5BD-40EA-480F-9C20-97B865645757}.AppStore|Any CPU.Build.0 = Debug|Any CPU
		{F94BD5BD-40EA-480F-9C20-97B865645757}.AppStore|ARM.ActiveCfg = Debug|Any CPU
		{F94BD5BD-40EA-480F-9C20-97B865645757}.AppStore|ARM.Build.0 = Debug|Any CPU
		{F94BD5BD-40EA-480F-9C20-97B865645757}.AppStore|ARM64.ActiveCfg = Debug|Any CPU
		{F94BD5BD-40EA-480F-9C20-97B865645757}.AppStore|ARM64.Build.0 = Debug|Any CPU
		{F94BD5BD-40EA-480F-9C20-97B865645757}.AppStore|iPhone.ActiveCfg = Debug|Any CPU
		{F94BD5BD-40EA-480F-9C20-97B865645757}.AppStore|iPhone.Build.0 = Debug|Any CPU
		{F94BD5BD-40EA-480F-9C20-97B865645757}.AppStore|iPhoneSimulator.ActiveCfg = Debug|Any CPU
		{F94BD5BD-40EA-480F-9C20-97B865645757}.AppStore|iPhoneSimulator.Build.0 = Debug|Any CPU
		{F94BD5BD-40EA-480F-9C20-97B865645757}.AppStore|x64.ActiveCfg = Debug|Any CPU
		{F94BD5BD-40EA-480F-9C20-97B865645757}.AppStore|x64.Build.0 = Debug|Any CPU
		{F94BD5BD-40EA-480F-9C20-97B865645757}.AppStore|x86.ActiveCfg = Debug|Any CPU
		{F94BD5BD-40EA-480F-9C20-97B865645757}.AppStore|x86.Build.0 = Debug|Any CPU
		{F94BD5BD-40EA-480F-9C20-97B865645757}.Debug|Any CPU.ActiveCfg = Debug|Any CPU
		{F94BD5BD-40EA-480F-9C20-97B865645757}.Debug|Any CPU.Build.0 = Debug|Any CPU
		{F94BD5BD-40EA-480F-9C20-97B865645757}.Debug|ARM.ActiveCfg = Debug|Any CPU
		{F94BD5BD-40EA-480F-9C20-97B865645757}.Debug|ARM.Build.0 = Debug|Any CPU
		{F94BD5BD-40EA-480F-9C20-97B865645757}.Debug|ARM64.ActiveCfg = Debug|Any CPU
		{F94BD5BD-40EA-480F-9C20-97B865645757}.Debug|ARM64.Build.0 = Debug|Any CPU
		{F94BD5BD-40EA-480F-9C20-97B865645757}.Debug|iPhone.ActiveCfg = Debug|Any CPU
		{F94BD5BD-40EA-480F-9C20-97B865645757}.Debug|iPhone.Build.0 = Debug|Any CPU
		{F94BD5BD-40EA-480F-9C20-97B865645757}.Debug|iPhoneSimulator.ActiveCfg = Debug|Any CPU
		{F94BD5BD-40EA-480F-9C20-97B865645757}.Debug|iPhoneSimulator.Build.0 = Debug|Any CPU
		{F94BD5BD-40EA-480F-9C20-97B865645757}.Debug|x64.ActiveCfg = Debug|Any CPU
		{F94BD5BD-40EA-480F-9C20-97B865645757}.Debug|x64.Build.0 = Debug|Any CPU
		{F94BD5BD-40EA-480F-9C20-97B865645757}.Debug|x86.ActiveCfg = Debug|Any CPU
		{F94BD5BD-40EA-480F-9C20-97B865645757}.Debug|x86.Build.0 = Debug|Any CPU
		{F94BD5BD-40EA-480F-9C20-97B865645757}.Release|Any CPU.ActiveCfg = Release|Any CPU
		{F94BD5BD-40EA-480F-9C20-97B865645757}.Release|Any CPU.Build.0 = Release|Any CPU
		{F94BD5BD-40EA-480F-9C20-97B865645757}.Release|ARM.ActiveCfg = Release|Any CPU
		{F94BD5BD-40EA-480F-9C20-97B865645757}.Release|ARM.Build.0 = Release|Any CPU
		{F94BD5BD-40EA-480F-9C20-97B865645757}.Release|ARM64.ActiveCfg = Release|Any CPU
		{F94BD5BD-40EA-480F-9C20-97B865645757}.Release|ARM64.Build.0 = Release|Any CPU
		{F94BD5BD-40EA-480F-9C20-97B865645757}.Release|iPhone.ActiveCfg = Release|Any CPU
		{F94BD5BD-40EA-480F-9C20-97B865645757}.Release|iPhone.Build.0 = Release|Any CPU
		{F94BD5BD-40EA-480F-9C20-97B865645757}.Release|iPhoneSimulator.ActiveCfg = Release|Any CPU
		{F94BD5BD-40EA-480F-9C20-97B865645757}.Release|iPhoneSimulator.Build.0 = Release|Any CPU
		{F94BD5BD-40EA-480F-9C20-97B865645757}.Release|x64.ActiveCfg = Release|Any CPU
		{F94BD5BD-40EA-480F-9C20-97B865645757}.Release|x64.Build.0 = Release|Any CPU
		{F94BD5BD-40EA-480F-9C20-97B865645757}.Release|x86.ActiveCfg = Release|Any CPU
		{F94BD5BD-40EA-480F-9C20-97B865645757}.Release|x86.Build.0 = Release|Any CPU
		{AE624AD6-8253-4179-AEA3-FF6B3D063968}.Ad-Hoc|Any CPU.ActiveCfg = Debug|Any CPU
		{AE624AD6-8253-4179-AEA3-FF6B3D063968}.Ad-Hoc|Any CPU.Build.0 = Debug|Any CPU
		{AE624AD6-8253-4179-AEA3-FF6B3D063968}.Ad-Hoc|ARM.ActiveCfg = Debug|Any CPU
		{AE624AD6-8253-4179-AEA3-FF6B3D063968}.Ad-Hoc|ARM.Build.0 = Debug|Any CPU
		{AE624AD6-8253-4179-AEA3-FF6B3D063968}.Ad-Hoc|ARM64.ActiveCfg = Debug|Any CPU
		{AE624AD6-8253-4179-AEA3-FF6B3D063968}.Ad-Hoc|ARM64.Build.0 = Debug|Any CPU
		{AE624AD6-8253-4179-AEA3-FF6B3D063968}.Ad-Hoc|iPhone.ActiveCfg = Debug|Any CPU
		{AE624AD6-8253-4179-AEA3-FF6B3D063968}.Ad-Hoc|iPhone.Build.0 = Debug|Any CPU
		{AE624AD6-8253-4179-AEA3-FF6B3D063968}.Ad-Hoc|iPhoneSimulator.ActiveCfg = Debug|Any CPU
		{AE624AD6-8253-4179-AEA3-FF6B3D063968}.Ad-Hoc|iPhoneSimulator.Build.0 = Debug|Any CPU
		{AE624AD6-8253-4179-AEA3-FF6B3D063968}.Ad-Hoc|x64.ActiveCfg = Debug|Any CPU
		{AE624AD6-8253-4179-AEA3-FF6B3D063968}.Ad-Hoc|x64.Build.0 = Debug|Any CPU
		{AE624AD6-8253-4179-AEA3-FF6B3D063968}.Ad-Hoc|x86.ActiveCfg = Debug|Any CPU
		{AE624AD6-8253-4179-AEA3-FF6B3D063968}.Ad-Hoc|x86.Build.0 = Debug|Any CPU
		{AE624AD6-8253-4179-AEA3-FF6B3D063968}.AppStore|Any CPU.ActiveCfg = Debug|Any CPU
		{AE624AD6-8253-4179-AEA3-FF6B3D063968}.AppStore|Any CPU.Build.0 = Debug|Any CPU
		{AE624AD6-8253-4179-AEA3-FF6B3D063968}.AppStore|ARM.ActiveCfg = Debug|Any CPU
		{AE624AD6-8253-4179-AEA3-FF6B3D063968}.AppStore|ARM.Build.0 = Debug|Any CPU
		{AE624AD6-8253-4179-AEA3-FF6B3D063968}.AppStore|ARM64.ActiveCfg = Debug|Any CPU
		{AE624AD6-8253-4179-AEA3-FF6B3D063968}.AppStore|ARM64.Build.0 = Debug|Any CPU
		{AE624AD6-8253-4179-AEA3-FF6B3D063968}.AppStore|iPhone.ActiveCfg = Debug|Any CPU
		{AE624AD6-8253-4179-AEA3-FF6B3D063968}.AppStore|iPhone.Build.0 = Debug|Any CPU
		{AE624AD6-8253-4179-AEA3-FF6B3D063968}.AppStore|iPhoneSimulator.ActiveCfg = Debug|Any CPU
		{AE624AD6-8253-4179-AEA3-FF6B3D063968}.AppStore|iPhoneSimulator.Build.0 = Debug|Any CPU
		{AE624AD6-8253-4179-AEA3-FF6B3D063968}.AppStore|x64.ActiveCfg = Debug|Any CPU
		{AE624AD6-8253-4179-AEA3-FF6B3D063968}.AppStore|x64.Build.0 = Debug|Any CPU
		{AE624AD6-8253-4179-AEA3-FF6B3D063968}.AppStore|x86.ActiveCfg = Debug|Any CPU
		{AE624AD6-8253-4179-AEA3-FF6B3D063968}.AppStore|x86.Build.0 = Debug|Any CPU
		{AE624AD6-8253-4179-AEA3-FF6B3D063968}.Debug|Any CPU.ActiveCfg = Debug|Any CPU
		{AE624AD6-8253-4179-AEA3-FF6B3D063968}.Debug|Any CPU.Build.0 = Debug|Any CPU
		{AE624AD6-8253-4179-AEA3-FF6B3D063968}.Debug|ARM.ActiveCfg = Debug|Any CPU
		{AE624AD6-8253-4179-AEA3-FF6B3D063968}.Debug|ARM.Build.0 = Debug|Any CPU
		{AE624AD6-8253-4179-AEA3-FF6B3D063968}.Debug|ARM64.ActiveCfg = Debug|Any CPU
		{AE624AD6-8253-4179-AEA3-FF6B3D063968}.Debug|ARM64.Build.0 = Debug|Any CPU
		{AE624AD6-8253-4179-AEA3-FF6B3D063968}.Debug|iPhone.ActiveCfg = Debug|Any CPU
		{AE624AD6-8253-4179-AEA3-FF6B3D063968}.Debug|iPhone.Build.0 = Debug|Any CPU
		{AE624AD6-8253-4179-AEA3-FF6B3D063968}.Debug|iPhoneSimulator.ActiveCfg = Debug|Any CPU
		{AE624AD6-8253-4179-AEA3-FF6B3D063968}.Debug|iPhoneSimulator.Build.0 = Debug|Any CPU
		{AE624AD6-8253-4179-AEA3-FF6B3D063968}.Debug|x64.ActiveCfg = Debug|Any CPU
		{AE624AD6-8253-4179-AEA3-FF6B3D063968}.Debug|x64.Build.0 = Debug|Any CPU
		{AE624AD6-8253-4179-AEA3-FF6B3D063968}.Debug|x86.ActiveCfg = Debug|Any CPU
		{AE624AD6-8253-4179-AEA3-FF6B3D063968}.Debug|x86.Build.0 = Debug|Any CPU
		{AE624AD6-8253-4179-AEA3-FF6B3D063968}.Release|Any CPU.ActiveCfg = Release|Any CPU
		{AE624AD6-8253-4179-AEA3-FF6B3D063968}.Release|Any CPU.Build.0 = Release|Any CPU
		{AE624AD6-8253-4179-AEA3-FF6B3D063968}.Release|ARM.ActiveCfg = Release|Any CPU
		{AE624AD6-8253-4179-AEA3-FF6B3D063968}.Release|ARM.Build.0 = Release|Any CPU
		{AE624AD6-8253-4179-AEA3-FF6B3D063968}.Release|ARM64.ActiveCfg = Release|Any CPU
		{AE624AD6-8253-4179-AEA3-FF6B3D063968}.Release|ARM64.Build.0 = Release|Any CPU
		{AE624AD6-8253-4179-AEA3-FF6B3D063968}.Release|iPhone.ActiveCfg = Release|Any CPU
		{AE624AD6-8253-4179-AEA3-FF6B3D063968}.Release|iPhone.Build.0 = Release|Any CPU
		{AE624AD6-8253-4179-AEA3-FF6B3D063968}.Release|iPhoneSimulator.ActiveCfg = Release|Any CPU
		{AE624AD6-8253-4179-AEA3-FF6B3D063968}.Release|iPhoneSimulator.Build.0 = Release|Any CPU
		{AE624AD6-8253-4179-AEA3-FF6B3D063968}.Release|x64.ActiveCfg = Release|Any CPU
		{AE624AD6-8253-4179-AEA3-FF6B3D063968}.Release|x64.Build.0 = Release|Any CPU
		{AE624AD6-8253-4179-AEA3-FF6B3D063968}.Release|x86.ActiveCfg = Release|Any CPU
		{AE624AD6-8253-4179-AEA3-FF6B3D063968}.Release|x86.Build.0 = Release|Any CPU
	EndGlobalSection
	GlobalSection(SolutionProperties) = preSolution
		HideSolutionNode = FALSE
	EndGlobalSection
	GlobalSection(NestedProjects) = preSolution
		{928F6CC9-CD69-476A-BE23-39EC323AA160} = {C9F1AD76-C35E-4ABA-B186-28E0FF4CF0A9}
		{32E9287F-12E0-43E8-ACF8-88A84C6624BD} = {C9F1AD76-C35E-4ABA-B186-28E0FF4CF0A9}
		{D1EAF18C-3432-499D-8862-A81C46E066EC} = {C9F1AD76-C35E-4ABA-B186-28E0FF4CF0A9}
		{5EFF8813-3080-4216-8BF3-7BA69057832F} = {C9F1AD76-C35E-4ABA-B186-28E0FF4CF0A9}
		{B912B2AB-EA33-4327-B554-4D242087200E} = {C9F1AD76-C35E-4ABA-B186-28E0FF4CF0A9}
		{8F4F4A06-4AED-4A61-BF28-1C3A38110AD9} = {C9F1AD76-C35E-4ABA-B186-28E0FF4CF0A9}
		{D27A6638-2183-4ED6-89C6-0ABED6E16F47} = {C9F1AD76-C35E-4ABA-B186-28E0FF4CF0A9}
		{F6FAF46A-2322-4C68-99C2-C4C8D8A9BF41} = {C9F1AD76-C35E-4ABA-B186-28E0FF4CF0A9}
		{EEC65671-7B48-40F8-8BCF-3567BBEAB6D8} = {C9F1AD76-C35E-4ABA-B186-28E0FF4CF0A9}
	EndGlobalSection
	GlobalSection(ExtensibilityGlobals) = postSolution
		SolutionGuid = {5EAAE8B7-E50D-4004-88EB-1DF104BEF004}
	EndGlobalSection
EndGlobal
