
Microsoft Visual Studio Solution File, Format Version 12.00
# Visual Studio Version 16
VisualStudioVersion = 16.0.30711.63
MinimumVisualStudioVersion = 10.0.40219.1
Project("{9A19103F-16F7-4668-BE54-9A1E7A4F7556}") = "LatinClub.Api", "LatinClub.Api\LatinClub.Api.csproj", "{F94BD5BD-40EA-480F-9C20-97B865645757}"
EndProject
Project("{9A19103F-16F7-4668-BE54-9A1E7A4F7556}") = "LatinClub.Core", "LatinClub.Core\LatinClub.Core.csproj", "{AE624AD6-8253-4179-AEA3-FF6B3D063968}"
EndProject
Project("{9A19103F-16F7-4668-BE54-9A1E7A4F7556}") = "LatinClub.Client", "LatinClub.Client\LatinClub.Client.csproj", "{07011CE2-D23B-4FFE-BCC9-91B02D6B7452}"
EndProject
Project("{9A19103F-16F7-4668-BE54-9A1E7A4F7556}") = "LatinClub.Client.Blazor", "LatinClub.Client.Blazor\LatinClub.Client.Blazor.csproj", "{5D154C9F-65E9-48AB-8D84-BDE4B40DA23F}"
EndProject
Global
	GlobalSection(SolutionConfigurationPlatforms) = preSolution
		Debug|Any CPU = Debug|Any CPU
		Release|Any CPU = Release|Any CPU
	EndGlobalSection
	GlobalSection(ProjectConfigurationPlatforms) = postSolution
		{F94BD5BD-40EA-480F-9C20-97B865645757}.Debug|Any CPU.ActiveCfg = Debug|Any CPU
		{F94BD5BD-40EA-480F-9C20-97B865645757}.Debug|Any CPU.Build.0 = Debug|Any CPU
		{F94BD5BD-40EA-480F-9C20-97B865645757}.Release|Any CPU.ActiveCfg = Release|Any CPU
		{F94BD5BD-40EA-480F-9C20-97B865645757}.Release|Any CPU.Build.0 = Release|Any CPU
		{AE624AD6-8253-4179-AEA3-FF6B3D063968}.Debug|Any CPU.ActiveCfg = Debug|Any CPU
		{AE624AD6-8253-4179-AEA3-FF6B3D063968}.Debug|Any CPU.Build.0 = Debug|Any CPU
		{AE624AD6-8253-4179-AEA3-FF6B3D063968}.Release|Any CPU.ActiveCfg = Release|Any CPU
		{AE624AD6-8253-4179-AEA3-FF6B3D063968}.Release|Any CPU.Build.0 = Release|Any CPU
		{07011CE2-D23B-4FFE-BCC9-91B02D6B7452}.Debug|Any CPU.ActiveCfg = Debug|Any CPU
		{07011CE2-D23B-4FFE-BCC9-91B02D6B7452}.Debug|Any CPU.Build.0 = Debug|Any CPU
		{07011CE2-D23B-4FFE-BCC9-91B02D6B7452}.Release|Any CPU.ActiveCfg = Release|Any CPU
		{07011CE2-D23B-4FFE-BCC9-91B02D6B7452}.Release|Any CPU.Build.0 = Release|Any CPU
		{5D154C9F-65E9-48AB-8D84-BDE4B40DA23F}.Debug|Any CPU.ActiveCfg = Debug|Any CPU
		{5D154C9F-65E9-48AB-8D84-BDE4B40DA23F}.Debug|Any CPU.Build.0 = Debug|Any CPU
		{5D154C9F-65E9-48AB-8D84-BDE4B40DA23F}.Release|Any CPU.ActiveCfg = Release|Any CPU
		{5D154C9F-65E9-48AB-8D84-BDE4B40DA23F}.Release|Any CPU.Build.0 = Release|Any CPU
	EndGlobalSection
	GlobalSection(SolutionProperties) = preSolution
		HideSolutionNode = FALSE
	EndGlobalSection
	GlobalSection(ExtensibilityGlobals) = postSolution
		SolutionGuid = {5EAAE8B7-E50D-4004-88EB-1DF104BEF004}
	EndGlobalSection
EndGlobal
